// !$*UTF8*$!
{
	archiveVersion = 1;
	classes = {
	};
	objectVersion = 46;
	objects = {

/* Begin PBXBuildFile section */
		74BFE5C71C9BB1C6001560A7 /* main.m in Sources */ = {isa = PBXBuildFile; fileRef = 74BFE5C61C9BB1C6001560A7 /* main.m */; };
		74BFE5CD1C9BB479001560A7 /* farstrider in CopyFiles */ = {isa = PBXBuildFile; fileRef = 74BFE5C31C9BB1C6001560A7 /* farstrider */; };
		74BFE5D11C9BB60B001560A7 /* farstrider-agent.plist in CopyFiles */ = {isa = PBXBuildFile; fileRef = 74BFE5CF1C9BB53B001560A7 /* farstrider-agent.plist */; };
		74BFE5D51C9BB991001560A7 /* SensorController.swift in Sources */ = {isa = PBXBuildFile; fileRef = 74BFE5D41C9BB991001560A7 /* SensorController.swift */; };
		74BFE5D71C9BBC96001560A7 /* LocationController.swift in Sources */ = {isa = PBXBuildFile; fileRef = 74BFE5D61C9BBC96001560A7 /* LocationController.swift */; };
		74BFE5D91C9BBD7D001560A7 /* EventRecorder.swift in Sources */ = {isa = PBXBuildFile; fileRef = 74BFE5D81C9BBD7D001560A7 /* EventRecorder.swift */; };
/* End PBXBuildFile section */

/* Begin PBXCopyFilesBuildPhase section */
		74BFE5C11C9BB1C6001560A7 /* CopyFiles */ = {
			isa = PBXCopyFilesBuildPhase;
			buildActionMask = 12;
			dstPath = /usr/local/bin;
			dstSubfolderSpec = 0;
			files = (
				74BFE5CD1C9BB479001560A7 /* farstrider in CopyFiles */,
			);
			runOnlyForDeploymentPostprocessing = 0;
		};
		74BFE5D01C9BB5DC001560A7 /* CopyFiles */ = {
			isa = PBXCopyFilesBuildPhase;
			buildActionMask = 2147483647;
			dstPath = "~/Library/LaunchAgents";
			dstSubfolderSpec = 0;
			files = (
				74BFE5D11C9BB60B001560A7 /* farstrider-agent.plist in CopyFiles */,
			);
			runOnlyForDeploymentPostprocessing = 0;
		};
/* End PBXCopyFilesBuildPhase section */

/* Begin PBXFileReference section */
		74BFE5C31C9BB1C6001560A7 /* farstrider */ = {isa = PBXFileReference; explicitFileType = "compiled.mach-o.executable"; includeInIndex = 0; path = farstrider; sourceTree = BUILT_PRODUCTS_DIR; };
		74BFE5C61C9BB1C6001560A7 /* main.m */ = {isa = PBXFileReference; lastKnownFileType = sourcecode.c.objc; path = main.m; sourceTree = "<group>"; };
		74BFE5CF1C9BB53B001560A7 /* farstrider-agent.plist */ = {isa = PBXFileReference; fileEncoding = 4; lastKnownFileType = text.plist.xml; path = "farstrider-agent.plist"; sourceTree = "<group>"; };
		74BFE5D31C9BB991001560A7 /* farstrider-Bridging-Header.h */ = {isa = PBXFileReference; lastKnownFileType = sourcecode.c.h; path = "farstrider-Bridging-Header.h"; sourceTree = "<group>"; };
		74BFE5D41C9BB991001560A7 /* SensorController.swift */ = {isa = PBXFileReference; fileEncoding = 4; lastKnownFileType = sourcecode.swift; path = SensorController.swift; sourceTree = "<group>"; };
		74BFE5D61C9BBC96001560A7 /* LocationController.swift */ = {isa = PBXFileReference; fileEncoding = 4; lastKnownFileType = sourcecode.swift; path = LocationController.swift; sourceTree = "<group>"; };
		74BFE5D81C9BBD7D001560A7 /* EventRecorder.swift */ = {isa = PBXFileReference; fileEncoding = 4; lastKnownFileType = sourcecode.swift; path = EventRecorder.swift; sourceTree = "<group>"; };
/* End PBXFileReference section */

/* Begin PBXFrameworksBuildPhase section */
		74BFE5C01C9BB1C6001560A7 /* Frameworks */ = {
			isa = PBXFrameworksBuildPhase;
			buildActionMask = 2147483647;
			files = (
			);
			runOnlyForDeploymentPostprocessing = 0;
		};
/* End PBXFrameworksBuildPhase section */

/* Begin PBXGroup section */
		74BFE5BA1C9BB1C6001560A7 = {
			isa = PBXGroup;
			children = (
				74BFE5C51C9BB1C6001560A7 /* farstrider */,
				74BFE5C41C9BB1C6001560A7 /* Products */,
			);
			sourceTree = "<group>";
		};
		74BFE5C41C9BB1C6001560A7 /* Products */ = {
			isa = PBXGroup;
			children = (
				74BFE5C31C9BB1C6001560A7 /* farstrider */,
			);
			name = Products;
			sourceTree = "<group>";
		};
		74BFE5C51C9BB1C6001560A7 /* farstrider */ = {
			isa = PBXGroup;
			children = (
				74BFE5C61C9BB1C6001560A7 /* main.m */,
				74BFE5D61C9BBC96001560A7 /* LocationController.swift */,
				74BFE5D81C9BBD7D001560A7 /* EventRecorder.swift */,
				74BFE5D41C9BB991001560A7 /* SensorController.swift */,
				74BFE5CF1C9BB53B001560A7 /* farstrider-agent.plist */,
				74BFE5D31C9BB991001560A7 /* farstrider-Bridging-Header.h */,
			);
			path = farstrider;
			sourceTree = "<group>";
		};
/* End PBXGroup section */

/* Begin PBXNativeTarget section */
		74BFE5C21C9BB1C6001560A7 /* farstrider */ = {
			isa = PBXNativeTarget;
			buildConfigurationList = 74BFE5CA1C9BB1C6001560A7 /* Build configuration list for PBXNativeTarget "farstrider" */;
			buildPhases = (
				74BFE5BF1C9BB1C6001560A7 /* Sources */,
				74BFE5C01C9BB1C6001560A7 /* Frameworks */,
				74BFE5C11C9BB1C6001560A7 /* CopyFiles */,
				74BFE5D01C9BB5DC001560A7 /* CopyFiles */,
				74BFE5D21C9BB62A001560A7 /* ShellScript */,
			);
			buildRules = (
			);
			dependencies = (
			);
			name = farstrider;
			productName = farstrider;
			productReference = 74BFE5C31C9BB1C6001560A7 /* farstrider */;
			productType = "com.apple.product-type.tool";
		};
/* End PBXNativeTarget section */

/* Begin PBXProject section */
		74BFE5BB1C9BB1C6001560A7 /* Project object */ = {
			isa = PBXProject;
			attributes = {
				LastUpgradeCheck = 0720;
				ORGANIZATIONNAME = "Jonathon Rubin";
				TargetAttributes = {
					74BFE5C21C9BB1C6001560A7 = {
						CreatedOnToolsVersion = 7.2.1;
					};
				};
			};
			buildConfigurationList = 74BFE5BE1C9BB1C6001560A7 /* Build configuration list for PBXProject "farstrider" */;
			compatibilityVersion = "Xcode 3.2";
			developmentRegion = English;
			hasScannedForEncodings = 0;
			knownRegions = (
				en,
			);
			mainGroup = 74BFE5BA1C9BB1C6001560A7;
			productRefGroup = 74BFE5C41C9BB1C6001560A7 /* Products */;
			projectDirPath = "";
			projectRoot = "";
			targets = (
				74BFE5C21C9BB1C6001560A7 /* farstrider */,
			);
		};
/* End PBXProject section */

/* Begin PBXShellScriptBuildPhase section */
		74BFE5D21C9BB62A001560A7 /* ShellScript */ = {
			isa = PBXShellScriptBuildPhase;
			buildActionMask = 2147483647;
			files = (
			);
			inputPaths = (
			);
			outputPaths = (
			);
			runOnlyForDeploymentPostprocessing = 0;
			shellPath = /bin/sh;
			shellScript = "launchct unload ~/Library/LaunchAgents/farstrider-agent.plist\nlaunchctl load ~/Library/LaunchAgents/farstrider-agent.plist";
		};
/* End PBXShellScriptBuildPhase section */

/* Begin PBXSourcesBuildPhase section */
		74BFE5BF1C9BB1C6001560A7 /* Sources */ = {
			isa = PBXSourcesBuildPhase;
			buildActionMask = 2147483647;
			files = (
				74BFE5C71C9BB1C6001560A7 /* main.m in Sources */,
				74BFE5D71C9BBC96001560A7 /* LocationController.swift in Sources */,
				74BFE5D91C9BBD7D001560A7 /* EventRecorder.swift in Sources */,
				74BFE5D51C9BB991001560A7 /* SensorController.swift in Sources */,
			);
			runOnlyForDeploymentPostprocessing = 0;
		};
/* End PBXSourcesBuildPhase section */

/* Begin XCBuildConfiguration section */
		74BFE5C81C9BB1C6001560A7 /* Debug */ = {
			isa = XCBuildConfiguration;
			buildSettings = {
				ALWAYS_SEARCH_USER_PATHS = NO;
				CLANG_CXX_LANGUAGE_STANDARD = "gnu++0x";
				CLANG_CXX_LIBRARY = "libc++";
				CLANG_ENABLE_MODULES = YES;
				CLANG_ENABLE_OBJC_ARC = YES;
				CLANG_WARN_BOOL_CONVERSION = YES;
				CLANG_WARN_CONSTANT_CONVERSION = YES;
				CLANG_WARN_DIRECT_OBJC_ISA_USAGE = YES_ERROR;
				CLANG_WARN_EMPTY_BODY = YES;
				CLANG_WARN_ENUM_CONVERSION = YES;
				CLANG_WARN_INT_CONVERSION = YES;
				CLANG_WARN_OBJC_ROOT_CLASS = YES_ERROR;
				CLANG_WARN_UNREACHABLE_CODE = YES;
				CLANG_WARN__DUPLICATE_METHOD_MATCH = YES;
				CODE_SIGN_IDENTITY = "-";
				COPY_PHASE_STRIP = NO;
				DEBUG_INFORMATION_FORMAT = dwarf;
				ENABLE_STRICT_OBJC_MSGSEND = YES;
				ENABLE_TESTABILITY = YES;
				GCC_C_LANGUAGE_STANDARD = gnu99;
				GCC_DYNAMIC_NO_PIC = NO;
				GCC_NO_COMMON_BLOCKS = YES;
				GCC_OPTIMIZATION_LEVEL = 0;
				GCC_PREPROCESSOR_DEFINITIONS = (
					"DEBUG=1",
					"$(inherited)",
				);
				GCC_WARN_64_TO_32_BIT_CONVERSION = YES;
				GCC_WARN_ABOUT_RETURN_TYPE = YES_ERROR;
				GCC_WARN_UNDECLARED_SELECTOR = YES;
				GCC_WARN_UNINITIALIZED_AUTOS = YES_AGGRESSIVE;
				GCC_WARN_UNUSED_FUNCTION = YES;
				GCC_WARN_UNUSED_VARIABLE = YES;
				MACOSX_DEPLOYMENT_TARGET = 10.11;
				MTL_ENABLE_DEBUG_INFO = YES;
				ONLY_ACTIVE_ARCH = YES;
				SDKROOT = macosx;
			};
			name = Debug;
		};
		74BFE5C91C9BB1C6001560A7 /* Release */ = {
			isa = XCBuildConfiguration;
			buildSettings = {
				ALWAYS_SEARCH_USER_PATHS = NO;
				CLANG_CXX_LANGUAGE_STANDARD = "gnu++0x";
				CLANG_CXX_LIBRARY = "libc++";
				CLANG_ENABLE_MODULES = YES;
				CLANG_ENABLE_OBJC_ARC = YES;
				CLANG_WARN_BOOL_CONVERSION = YES;
				CLANG_WARN_CONSTANT_CONVERSION = YES;
				CLANG_WARN_DIRECT_OBJC_ISA_USAGE = YES_ERROR;
				CLANG_WARN_EMPTY_BODY = YES;
				CLANG_WARN_ENUM_CONVERSION = YES;
				CLANG_WARN_INT_CONVERSION = YES;
				CLANG_WARN_OBJC_ROOT_CLASS = YES_ERROR;
				CLANG_WARN_UNREACHABLE_CODE = YES;
				CLANG_WARN__DUPLICATE_METHOD_MATCH = YES;
				CODE_SIGN_IDENTITY = "-";
				COPY_PHASE_STRIP = NO;
				DEBUG_INFORMATION_FORMAT = "dwarf-with-dsym";
				ENABLE_NS_ASSERTIONS = NO;
				ENABLE_STRICT_OBJC_MSGSEND = YES;
				GCC_C_LANGUAGE_STANDARD = gnu99;
				GCC_NO_COMMON_BLOCKS = YES;
				GCC_WARN_64_TO_32_BIT_CONVERSION = YES;
				GCC_WARN_ABOUT_RETURN_TYPE = YES_ERROR;
				GCC_WARN_UNDECLARED_SELECTOR = YES;
				GCC_WARN_UNINITIALIZED_AUTOS = YES_AGGRESSIVE;
				GCC_WARN_UNUSED_FUNCTION = YES;
				GCC_WARN_UNUSED_VARIABLE = YES;
				MACOSX_DEPLOYMENT_TARGET = 10.11;
				MTL_ENABLE_DEBUG_INFO = NO;
				SDKROOT = macosx;
			};
			name = Release;
		};
		74BFE5CB1C9BB1C6001560A7 /* Debug */ = {
			isa = XCBuildConfiguration;
			buildSettings = {
				CLANG_ENABLE_MODULES = YES;
				LD_RUNPATH_SEARCH_PATHS = "$(inherited) @executable_path/../Frameworks @loader_path/../Frameworks";
				PRODUCT_NAME = "$(TARGET_NAME)";
				SWIFT_OBJC_BRIDGING_HEADER = "farstrider/farstrider-Bridging-Header.h";
				SWIFT_OPTIMIZATION_LEVEL = "-Onone";
			};
			name = Debug;
		};
		74BFE5CC1C9BB1C6001560A7 /* Release */ = {
			isa = XCBuildConfiguration;
			buildSettings = {
				CLANG_ENABLE_MODULES = YES;
				LD_RUNPATH_SEARCH_PATHS = "$(inherited) @executable_path/../Frameworks @loader_path/../Frameworks";
				PRODUCT_NAME = "$(TARGET_NAME)";
				SWIFT_OBJC_BRIDGING_HEADER = "farstrider/farstrider-Bridging-Header.h";
			};
			name = Release;
		};
/* End XCBuildConfiguration section */

/* Begin XCConfigurationList section */
		74BFE5BE1C9BB1C6001560A7 /* Build configuration list for PBXProject "farstrider" */ = {
			isa = XCConfigurationList;
			buildConfigurations = (
				74BFE5C81C9BB1C6001560A7 /* Debug */,
				74BFE5C91C9BB1C6001560A7 /* Release */,
			);
			defaultConfigurationIsVisible = 0;
			defaultConfigurationName = Release;
		};
		74BFE5CA1C9BB1C6001560A7 /* Build configuration list for PBXNativeTarget "farstrider" */ = {
			isa = XCConfigurationList;
			buildConfigurations = (
				74BFE5CB1C9BB1C6001560A7 /* Debug */,
				74BFE5CC1C9BB1C6001560A7 /* Release */,
			);
			defaultConfigurationIsVisible = 0;
		};
/* End XCConfigurationList section */
	};
	rootObject = 74BFE5BB1C9BB1C6001560A7 /* Project object */;
}
